
Microsoft Visual Studio Solution File, Format Version 12.00
# Visual Studio Version 16
VisualStudioVersion = 16.0.29020.237
MinimumVisualStudioVersion = 10.0.40219.1
Project("{FAE04EC0-301F-11D3-BF4B-00C04F79EFBC}") = "WinFormAlunos", "WinFormAlunos\WinFormAlunos.csproj", "{B58124D0-8122-4F45-87DC-8568E3F6E978}"
EndProject
Global
	GlobalSection(SolutionConfigurationPlatforms) = preSolution
		Debug|Any CPU = Debug|Any CPU
		Release|Any CPU = Release|Any CPU
	EndGlobalSection
	GlobalSection(ProjectConfigurationPlatforms) = postSolution
		{B58124D0-8122-4F45-87DC-8568E3F6E978}.Debug|Any CPU.ActiveCfg = Debug|Any CPU
		{B58124D0-8122-4F45-87DC-8568E3F6E978}.Debug|Any CPU.Build.0 = Debug|Any CPU
		{B58124D0-8122-4F45-87DC-8568E3F6E978}.Release|Any CPU.ActiveCfg = Release|Any CPU
		{B58124D0-8122-4F45-87DC-8568E3F6E978}.Release|Any CPU.Build.0 = Release|Any CPU
	EndGlobalSection
	GlobalSection(SolutionProperties) = preSolution
		HideSolutionNode = FALSE
	EndGlobalSection
	GlobalSection(ExtensibilityGlobals) = postSolution
		SolutionGuid = {E899F6D2-07E0-496D-80EC-B60512337449}
	EndGlobalSection
EndGlobal
