
Microsoft Visual Studio Solution File, Format Version 12.00
# Visual Studio Version 16
VisualStudioVersion = 16.0.29020.237
MinimumVisualStudioVersion = 10.0.40219.1
Project("{FAE04EC0-301F-11D3-BF4B-00C04F79EFBC}") = "Atividade3ListaNomes", "Atividade3ListaNomes.csproj", "{A63DB8B5-32AA-4BFA-B389-BDB74CFBA34F}"
EndProject
Global
	GlobalSection(SolutionConfigurationPlatforms) = preSolution
		Debug|Any CPU = Debug|Any CPU
		Release|Any CPU = Release|Any CPU
	EndGlobalSection
	GlobalSection(ProjectConfigurationPlatforms) = postSolution
		{A63DB8B5-32AA-4BFA-B389-BDB74CFBA34F}.Debug|Any CPU.ActiveCfg = Debug|Any CPU
		{A63DB8B5-32AA-4BFA-B389-BDB74CFBA34F}.Debug|Any CPU.Build.0 = Debug|Any CPU
		{A63DB8B5-32AA-4BFA-B389-BDB74CFBA34F}.Release|Any CPU.ActiveCfg = Release|Any CPU
		{A63DB8B5-32AA-4BFA-B389-BDB74CFBA34F}.Release|Any CPU.Build.0 = Release|Any CPU
	EndGlobalSection
	GlobalSection(SolutionProperties) = preSolution
		HideSolutionNode = FALSE
	EndGlobalSection
	GlobalSection(ExtensibilityGlobals) = postSolution
		SolutionGuid = {E906DAD3-CE19-414D-80A6-E69DF67C555A}
	EndGlobalSection
EndGlobal
