
Microsoft Visual Studio Solution File, Format Version 12.00
# Visual Studio Version 16
VisualStudioVersion = 16.0.29020.237
MinimumVisualStudioVersion = 10.0.40219.1
Project("{FAE04EC0-301F-11D3-BF4B-00C04F79EFBC}") = "TesteDLLCalculadora", "TesteDLLCalculadora.csproj", "{E212DA05-40FD-4E33-84C8-0221AA30E7C7}"
EndProject
Global
	GlobalSection(SolutionConfigurationPlatforms) = preSolution
		Debug|Any CPU = Debug|Any CPU
		Release|Any CPU = Release|Any CPU
	EndGlobalSection
	GlobalSection(ProjectConfigurationPlatforms) = postSolution
		{E212DA05-40FD-4E33-84C8-0221AA30E7C7}.Debug|Any CPU.ActiveCfg = Debug|Any CPU
		{E212DA05-40FD-4E33-84C8-0221AA30E7C7}.Debug|Any CPU.Build.0 = Debug|Any CPU
		{E212DA05-40FD-4E33-84C8-0221AA30E7C7}.Release|Any CPU.ActiveCfg = Release|Any CPU
		{E212DA05-40FD-4E33-84C8-0221AA30E7C7}.Release|Any CPU.Build.0 = Release|Any CPU
	EndGlobalSection
	GlobalSection(SolutionProperties) = preSolution
		HideSolutionNode = FALSE
	EndGlobalSection
	GlobalSection(ExtensibilityGlobals) = postSolution
		SolutionGuid = {554AB5DD-DA4B-487F-A656-E0BB26C2774C}
	EndGlobalSection
EndGlobal
