
Microsoft Visual Studio Solution File, Format Version 12.00
# Visual Studio Version 16
VisualStudioVersion = 16.0.29020.237
MinimumVisualStudioVersion = 10.0.40219.1
Project("{FAE04EC0-301F-11D3-BF4B-00C04F79EFBC}") = "ExercicioCantina", "ExercicioCantina.csproj", "{5E37126B-0470-4C05-9D67-C27A63F042D3}"
EndProject
Global
	GlobalSection(SolutionConfigurationPlatforms) = preSolution
		Debug|Any CPU = Debug|Any CPU
		Release|Any CPU = Release|Any CPU
	EndGlobalSection
	GlobalSection(ProjectConfigurationPlatforms) = postSolution
		{5E37126B-0470-4C05-9D67-C27A63F042D3}.Debug|Any CPU.ActiveCfg = Debug|Any CPU
		{5E37126B-0470-4C05-9D67-C27A63F042D3}.Debug|Any CPU.Build.0 = Debug|Any CPU
		{5E37126B-0470-4C05-9D67-C27A63F042D3}.Release|Any CPU.ActiveCfg = Release|Any CPU
		{5E37126B-0470-4C05-9D67-C27A63F042D3}.Release|Any CPU.Build.0 = Release|Any CPU
	EndGlobalSection
	GlobalSection(SolutionProperties) = preSolution
		HideSolutionNode = FALSE
	EndGlobalSection
	GlobalSection(ExtensibilityGlobals) = postSolution
		SolutionGuid = {A2F98600-8B1D-4140-928B-F0BDDACCE335}
	EndGlobalSection
EndGlobal
