
Microsoft Visual Studio Solution File, Format Version 12.00
# Visual Studio Version 16
VisualStudioVersion = 16.0.29020.237
MinimumVisualStudioVersion = 10.0.40219.1
Project("{FAE04EC0-301F-11D3-BF4B-00C04F79EFBC}") = "BibliotecaCalculadoraREF", "BibliotecaCalculadoraREF.csproj", "{B81C75F9-F9A0-46C8-A578-863E32D82B9A}"
EndProject
Global
	GlobalSection(SolutionConfigurationPlatforms) = preSolution
		Debug|Any CPU = Debug|Any CPU
		Release|Any CPU = Release|Any CPU
	EndGlobalSection
	GlobalSection(ProjectConfigurationPlatforms) = postSolution
		{B81C75F9-F9A0-46C8-A578-863E32D82B9A}.Debug|Any CPU.ActiveCfg = Debug|Any CPU
		{B81C75F9-F9A0-46C8-A578-863E32D82B9A}.Debug|Any CPU.Build.0 = Debug|Any CPU
		{B81C75F9-F9A0-46C8-A578-863E32D82B9A}.Release|Any CPU.ActiveCfg = Release|Any CPU
		{B81C75F9-F9A0-46C8-A578-863E32D82B9A}.Release|Any CPU.Build.0 = Release|Any CPU
	EndGlobalSection
	GlobalSection(SolutionProperties) = preSolution
		HideSolutionNode = FALSE
	EndGlobalSection
	GlobalSection(ExtensibilityGlobals) = postSolution
		SolutionGuid = {1E83ADB0-6A13-4F59-A862-78E8AF0CD63F}
	EndGlobalSection
EndGlobal
