
Microsoft Visual Studio Solution File, Format Version 12.00
# Visual Studio Version 16
VisualStudioVersion = 16.0.29020.237
MinimumVisualStudioVersion = 10.0.40219.1
Project("{FAE04EC0-301F-11D3-BF4B-00C04F79EFBC}") = "WpfApp", "WpfApp\WpfApp.csproj", "{FF11D3C2-5104-4E63-8FDF-A17032EEBA61}"
EndProject
Global
	GlobalSection(SolutionConfigurationPlatforms) = preSolution
		Debug|Any CPU = Debug|Any CPU
		Release|Any CPU = Release|Any CPU
	EndGlobalSection
	GlobalSection(ProjectConfigurationPlatforms) = postSolution
		{FF11D3C2-5104-4E63-8FDF-A17032EEBA61}.Debug|Any CPU.ActiveCfg = Debug|Any CPU
		{FF11D3C2-5104-4E63-8FDF-A17032EEBA61}.Debug|Any CPU.Build.0 = Debug|Any CPU
		{FF11D3C2-5104-4E63-8FDF-A17032EEBA61}.Release|Any CPU.ActiveCfg = Release|Any CPU
		{FF11D3C2-5104-4E63-8FDF-A17032EEBA61}.Release|Any CPU.Build.0 = Release|Any CPU
	EndGlobalSection
	GlobalSection(SolutionProperties) = preSolution
		HideSolutionNode = FALSE
	EndGlobalSection
	GlobalSection(ExtensibilityGlobals) = postSolution
		SolutionGuid = {616559C7-8232-4220-888E-7C1F88E6587F}
	EndGlobalSection
EndGlobal
