
Microsoft Visual Studio Solution File, Format Version 12.00
# Visual Studio Version 16
VisualStudioVersion = 16.0.29020.237
MinimumVisualStudioVersion = 10.0.40219.1
Project("{FAE04EC0-301F-11D3-BF4B-00C04F79EFBC}") = "Form1", "Form1\Form1.csproj", "{76723729-D11C-4332-884D-45FA1C774A18}"
EndProject
Global
	GlobalSection(SolutionConfigurationPlatforms) = preSolution
		Debug|Any CPU = Debug|Any CPU
		Release|Any CPU = Release|Any CPU
	EndGlobalSection
	GlobalSection(ProjectConfigurationPlatforms) = postSolution
		{76723729-D11C-4332-884D-45FA1C774A18}.Debug|Any CPU.ActiveCfg = Debug|Any CPU
		{76723729-D11C-4332-884D-45FA1C774A18}.Debug|Any CPU.Build.0 = Debug|Any CPU
		{76723729-D11C-4332-884D-45FA1C774A18}.Release|Any CPU.ActiveCfg = Release|Any CPU
		{76723729-D11C-4332-884D-45FA1C774A18}.Release|Any CPU.Build.0 = Release|Any CPU
	EndGlobalSection
	GlobalSection(SolutionProperties) = preSolution
		HideSolutionNode = FALSE
	EndGlobalSection
	GlobalSection(ExtensibilityGlobals) = postSolution
		SolutionGuid = {6B8EC385-FEE8-4505-902C-113B8134430D}
	EndGlobalSection
EndGlobal
