
Microsoft Visual Studio Solution File, Format Version 12.00
# Visual Studio Version 16
VisualStudioVersion = 16.0.29020.237
MinimumVisualStudioVersion = 10.0.40219.1
Project("{FAE04EC0-301F-11D3-BF4B-00C04F79EFBC}") = "SistemaBibliotecaOnlineNasa3PONTOZERO", "SistemaBibliotecaOnlineNasa3PONTOZERO.csproj", "{B20BDFFE-F113-454A-85D0-FE1B3536760A}"
EndProject
Global
	GlobalSection(SolutionConfigurationPlatforms) = preSolution
		Debug|Any CPU = Debug|Any CPU
		Release|Any CPU = Release|Any CPU
	EndGlobalSection
	GlobalSection(ProjectConfigurationPlatforms) = postSolution
		{B20BDFFE-F113-454A-85D0-FE1B3536760A}.Debug|Any CPU.ActiveCfg = Debug|Any CPU
		{B20BDFFE-F113-454A-85D0-FE1B3536760A}.Debug|Any CPU.Build.0 = Debug|Any CPU
		{B20BDFFE-F113-454A-85D0-FE1B3536760A}.Release|Any CPU.ActiveCfg = Release|Any CPU
		{B20BDFFE-F113-454A-85D0-FE1B3536760A}.Release|Any CPU.Build.0 = Release|Any CPU
	EndGlobalSection
	GlobalSection(SolutionProperties) = preSolution
		HideSolutionNode = FALSE
	EndGlobalSection
	GlobalSection(ExtensibilityGlobals) = postSolution
		SolutionGuid = {6B00F72C-F783-4095-9CEC-7A744E5FA64B}
	EndGlobalSection
EndGlobal
