
Microsoft Visual Studio Solution File, Format Version 12.00
# Visual Studio Version 16
VisualStudioVersion = 16.0.29020.237
MinimumVisualStudioVersion = 10.0.40219.1
Project("{FAE04EC0-301F-11D3-BF4B-00C04F79EFBC}") = "InsertAndRemoveList", "InsertAndRemoveList.csproj", "{75558271-A3EF-4D77-A304-6D0987D0BCA7}"
EndProject
Global
	GlobalSection(SolutionConfigurationPlatforms) = preSolution
		Debug|Any CPU = Debug|Any CPU
		Release|Any CPU = Release|Any CPU
	EndGlobalSection
	GlobalSection(ProjectConfigurationPlatforms) = postSolution
		{75558271-A3EF-4D77-A304-6D0987D0BCA7}.Debug|Any CPU.ActiveCfg = Debug|Any CPU
		{75558271-A3EF-4D77-A304-6D0987D0BCA7}.Debug|Any CPU.Build.0 = Debug|Any CPU
		{75558271-A3EF-4D77-A304-6D0987D0BCA7}.Release|Any CPU.ActiveCfg = Release|Any CPU
		{75558271-A3EF-4D77-A304-6D0987D0BCA7}.Release|Any CPU.Build.0 = Release|Any CPU
	EndGlobalSection
	GlobalSection(SolutionProperties) = preSolution
		HideSolutionNode = FALSE
	EndGlobalSection
	GlobalSection(ExtensibilityGlobals) = postSolution
		SolutionGuid = {C2A9EFA3-D0DD-471E-AD19-338321646BDF}
	EndGlobalSection
EndGlobal
