
Microsoft Visual Studio Solution File, Format Version 12.00
# Visual Studio Version 16
VisualStudioVersion = 16.0.29020.237
MinimumVisualStudioVersion = 10.0.40219.1
Project("{FAE04EC0-301F-11D3-BF4B-00C04F79EFBC}") = "ConsultaCEP", "ConsultaCEP\ConsultaCEP.csproj", "{CE9AD749-91EA-4936-9776-9AEF52A255EB}"
EndProject
Global
	GlobalSection(SolutionConfigurationPlatforms) = preSolution
		Debug|Any CPU = Debug|Any CPU
		Release|Any CPU = Release|Any CPU
	EndGlobalSection
	GlobalSection(ProjectConfigurationPlatforms) = postSolution
		{CE9AD749-91EA-4936-9776-9AEF52A255EB}.Debug|Any CPU.ActiveCfg = Debug|Any CPU
		{CE9AD749-91EA-4936-9776-9AEF52A255EB}.Debug|Any CPU.Build.0 = Debug|Any CPU
		{CE9AD749-91EA-4936-9776-9AEF52A255EB}.Release|Any CPU.ActiveCfg = Release|Any CPU
		{CE9AD749-91EA-4936-9776-9AEF52A255EB}.Release|Any CPU.Build.0 = Release|Any CPU
	EndGlobalSection
	GlobalSection(SolutionProperties) = preSolution
		HideSolutionNode = FALSE
	EndGlobalSection
	GlobalSection(ExtensibilityGlobals) = postSolution
		SolutionGuid = {B6D81113-AEB6-44ED-88D5-F240E0A3F561}
	EndGlobalSection
EndGlobal
